
Microsoft Visual Studio Solution File, Format Version 12.00
# Visual Studio Version 16
VisualStudioVersion = 16.0.29306.81
MinimumVisualStudioVersion = 10.0.40219.1
Project("{FAE04EC0-301F-11D3-BF4B-00C04F79EFBC}") = "Zufallszahlen", "Zufallszahlen\Zufallszahlen.csproj", "{31A53357-D2C0-4197-8C7E-6857B152CB96}"
EndProject
Global
	GlobalSection(SolutionConfigurationPlatforms) = preSolution
		Debug|Any CPU = Debug|Any CPU
		Release|Any CPU = Release|Any CPU
	EndGlobalSection
	GlobalSection(ProjectConfigurationPlatforms) = postSolution
		{31A53357-D2C0-4197-8C7E-6857B152CB96}.Debug|Any CPU.ActiveCfg = Debug|Any CPU
		{31A53357-D2C0-4197-8C7E-6857B152CB96}.Debug|Any CPU.Build.0 = Debug|Any CPU
		{31A53357-D2C0-4197-8C7E-6857B152CB96}.Release|Any CPU.ActiveCfg = Release|Any CPU
		{31A53357-D2C0-4197-8C7E-6857B152CB96}.Release|Any CPU.Build.0 = Release|Any CPU
	EndGlobalSection
	GlobalSection(SolutionProperties) = preSolution
		HideSolutionNode = FALSE
	EndGlobalSection
	GlobalSection(ExtensibilityGlobals) = postSolution
		SolutionGuid = {E518A1E0-C88E-4721-AB6B-27B31018C7F4}
	EndGlobalSection
EndGlobal
